
Microsoft Visual Studio Solution File, Format Version 12.00
# Visual Studio Version 17
VisualStudioVersion = 17.14.36327.8 d17.14
MinimumVisualStudioVersion = 10.0.40219.1
Project("{FAE04EC0-301F-11D3-BF4B-00C04F79EFBC}") = "calcualdora", "calcualdora\calcualdora.csproj", "{048B8AEC-D8CF-421E-AFFE-6F63034E3EE6}"
EndProject
Global
	GlobalSection(SolutionConfigurationPlatforms) = preSolution
		Debug|Any CPU = Debug|Any CPU
		Release|Any CPU = Release|Any CPU
	EndGlobalSection
	GlobalSection(ProjectConfigurationPlatforms) = postSolution
		{048B8AEC-D8CF-421E-AFFE-6F63034E3EE6}.Debug|Any CPU.ActiveCfg = Debug|Any CPU
		{048B8AEC-D8CF-421E-AFFE-6F63034E3EE6}.Debug|Any CPU.Build.0 = Debug|Any CPU
		{048B8AEC-D8CF-421E-AFFE-6F63034E3EE6}.Release|Any CPU.ActiveCfg = Release|Any CPU
		{048B8AEC-D8CF-421E-AFFE-6F63034E3EE6}.Release|Any CPU.Build.0 = Release|Any CPU
	EndGlobalSection
	GlobalSection(SolutionProperties) = preSolution
		HideSolutionNode = FALSE
	EndGlobalSection
	GlobalSection(ExtensibilityGlobals) = postSolution
		SolutionGuid = {1C140A0B-78CA-4A30-98DE-1A2706C2AD3C}
	EndGlobalSection
EndGlobal
